// !$*UTF8*$!
{
	archiveVersion = 1;
	classes = {
	};
	objectVersion = 48;
	objects = {

/* Begin PBXBuildFile section */
		68726F4D21DA2D7B00BA9D63 /* AppDelegate.swift in Sources */ = {isa = PBXBuildFile; fileRef = 68726F4C21DA2D7B00BA9D63 /* AppDelegate.swift */; };
		68726F4F21DA2D7B00BA9D63 /* ViewController.swift in Sources */ = {isa = PBXBuildFile; fileRef = 68726F4E21DA2D7B00BA9D63 /* ViewController.swift */; };
		68726F5121DA2D7B00BA9D63 /* Assets.xcassets in Resources */ = {isa = PBXBuildFile; fileRef = 68726F5021DA2D7B00BA9D63 /* Assets.xcassets */; };
		68726F5421DA2D7B00BA9D63 /* Main.storyboard in Resources */ = {isa = PBXBuildFile; fileRef = 68726F5221DA2D7B00BA9D63 /* Main.storyboard */; };
		68726F6021DA2D7B00BA9D63 /* salestaxcalcTests.swift in Sources */ = {isa = PBXBuildFile; fileRef = 68726F5F21DA2D7B00BA9D63 /* salestaxcalcTests.swift */; };
		68726F6B21DA2D7B00BA9D63 /* salestaxcalcUITests.swift in Sources */ = {isa = PBXBuildFile; fileRef = 68726F6A21DA2D7B00BA9D63 /* salestaxcalcUITests.swift */; };
/* End PBXBuildFile section */

/* Begin PBXContainerItemProxy section */
		68726F5C21DA2D7B00BA9D63 /* PBXContainerItemProxy */ = {
			isa = PBXContainerItemProxy;
			containerPortal = 68726F4121DA2D7B00BA9D63 /* Project object */;
			proxyType = 1;
			remoteGlobalIDString = 68726F4821DA2D7B00BA9D63;
			remoteInfo = salestaxcalc;
		};
		68726F6721DA2D7B00BA9D63 /* PBXContainerItemProxy */ = {
			isa = PBXContainerItemProxy;
			containerPortal = 68726F4121DA2D7B00BA9D63 /* Project object */;
			proxyType = 1;
			remoteGlobalIDString = 68726F4821DA2D7B00BA9D63;
			remoteInfo = salestaxcalc;
		};
/* End PBXContainerItemProxy section */

/* Begin PBXFileReference section */
		68726F4921DA2D7B00BA9D63 /* salestaxcalc.app */ = {isa = PBXFileReference; explicitFileType = wrapper.application; includeInIndex = 0; path = salestaxcalc.app; sourceTree = BUILT_PRODUCTS_DIR; };
		68726F4C21DA2D7B00BA9D63 /* AppDelegate.swift */ = {isa = PBXFileReference; lastKnownFileType = sourcecode.swift; path = AppDelegate.swift; sourceTree = "<group>"; };
		68726F4E21DA2D7B00BA9D63 /* ViewController.swift */ = {isa = PBXFileReference; lastKnownFileType = sourcecode.swift; path = ViewController.swift; sourceTree = "<group>"; };
		68726F5021DA2D7B00BA9D63 /* Assets.xcassets */ = {isa = PBXFileReference; lastKnownFileType = folder.assetcatalog; path = Assets.xcassets; sourceTree = "<group>"; };
		68726F5321DA2D7B00BA9D63 /* Base */ = {isa = PBXFileReference; lastKnownFileType = file.storyboard; name = Base; path = Base.lproj/Main.storyboard; sourceTree = "<group>"; };
		68726F5521DA2D7B00BA9D63 /* Info.plist */ = {isa = PBXFileReference; lastKnownFileType = text.plist.xml; path = Info.plist; sourceTree = "<group>"; };
		68726F5621DA2D7B00BA9D63 /* salestaxcalc.entitlements */ = {isa = PBXFileReference; lastKnownFileType = text.plist.entitlements; path = salestaxcalc.entitlements; sourceTree = "<group>"; };
		68726F5B21DA2D7B00BA9D63 /* salestaxcalcTests.xctest */ = {isa = PBXFileReference; explicitFileType = wrapper.cfbundle; includeInIndex = 0; path = salestaxcalcTests.xctest; sourceTree = BUILT_PRODUCTS_DIR; };
		68726F5F21DA2D7B00BA9D63 /* salestaxcalcTests.swift */ = {isa = PBXFileReference; lastKnownFileType = sourcecode.swift; path = salestaxcalcTests.swift; sourceTree = "<group>"; };
		68726F6121DA2D7B00BA9D63 /* Info.plist */ = {isa = PBXFileReference; lastKnownFileType = text.plist.xml; path = Info.plist; sourceTree = "<group>"; };
		68726F6621DA2D7B00BA9D63 /* salestaxcalcUITests.xctest */ = {isa = PBXFileReference; explicitFileType = wrapper.cfbundle; includeInIndex = 0; path = salestaxcalcUITests.xctest; sourceTree = BUILT_PRODUCTS_DIR; };
		68726F6A21DA2D7B00BA9D63 /* salestaxcalcUITests.swift */ = {isa = PBXFileReference; lastKnownFileType = sourcecode.swift; path = salestaxcalcUITests.swift; sourceTree = "<group>"; };
		68726F6C21DA2D7B00BA9D63 /* Info.plist */ = {isa = PBXFileReference; lastKnownFileType = text.plist.xml; path = Info.plist; sourceTree = "<group>"; };
/* End PBXFileReference section */

/* Begin PBXFrameworksBuildPhase section */
		68726F4621DA2D7B00BA9D63 /* Frameworks */ = {
			isa = PBXFrameworksBuildPhase;
			buildActionMask = 2147483647;
			files = (
			);
			runOnlyForDeploymentPostprocessing = 0;
		};
		68726F5821DA2D7B00BA9D63 /* Frameworks */ = {
			isa = PBXFrameworksBuildPhase;
			buildActionMask = 2147483647;
			files = (
			);
			runOnlyForDeploymentPostprocessing = 0;
		};
		68726F6321DA2D7B00BA9D63 /* Frameworks */ = {
			isa = PBXFrameworksBuildPhase;
			buildActionMask = 2147483647;
			files = (
			);
			runOnlyForDeploymentPostprocessing = 0;
		};
/* End PBXFrameworksBuildPhase section */

/* Begin PBXGroup section */
		68726F4021DA2D7B00BA9D63 = {
			isa = PBXGroup;
			children = (
				68726F4B21DA2D7B00BA9D63 /* salestaxcalc */,
				68726F5E21DA2D7B00BA9D63 /* salestaxcalcTests */,
				68726F6921DA2D7B00BA9D63 /* salestaxcalcUITests */,
				68726F4A21DA2D7B00BA9D63 /* Products */,
			);
			sourceTree = "<group>";
		};
		68726F4A21DA2D7B00BA9D63 /* Products */ = {
			isa = PBXGroup;
			children = (
				68726F4921DA2D7B00BA9D63 /* salestaxcalc.app */,
				68726F5B21DA2D7B00BA9D63 /* salestaxcalcTests.xctest */,
				68726F6621DA2D7B00BA9D63 /* salestaxcalcUITests.xctest */,
			);
			name = Products;
			sourceTree = "<group>";
		};
		68726F4B21DA2D7B00BA9D63 /* salestaxcalc */ = {
			isa = PBXGroup;
			children = (
				68726F4C21DA2D7B00BA9D63 /* AppDelegate.swift */,
				68726F4E21DA2D7B00BA9D63 /* ViewController.swift */,
				68726F5021DA2D7B00BA9D63 /* Assets.xcassets */,
				68726F5221DA2D7B00BA9D63 /* Main.storyboard */,
				68726F5521DA2D7B00BA9D63 /* Info.plist */,
				68726F5621DA2D7B00BA9D63 /* salestaxcalc.entitlements */,
			);
			path = salestaxcalc;
			sourceTree = "<group>";
		};
		68726F5E21DA2D7B00BA9D63 /* salestaxcalcTests */ = {
			isa = PBXGroup;
			children = (
				68726F5F21DA2D7B00BA9D63 /* salestaxcalcTests.swift */,
				68726F6121DA2D7B00BA9D63 /* Info.plist */,
			);
			path = salestaxcalcTests;
			sourceTree = "<group>";
		};
		68726F6921DA2D7B00BA9D63 /* salestaxcalcUITests */ = {
			isa = PBXGroup;
			children = (
				68726F6A21DA2D7B00BA9D63 /* salestaxcalcUITests.swift */,
				68726F6C21DA2D7B00BA9D63 /* Info.plist */,
			);
			path = salestaxcalcUITests;
			sourceTree = "<group>";
		};
/* End PBXGroup section */

/* Begin PBXNativeTarget section */
		68726F4821DA2D7B00BA9D63 /* salestaxcalc */ = {
			isa = PBXNativeTarget;
			buildConfigurationList = 68726F6F21DA2D7B00BA9D63 /* Build configuration list for PBXNativeTarget "salestaxcalc" */;
			buildPhases = (
				68726F4521DA2D7B00BA9D63 /* Sources */,
				68726F4621DA2D7B00BA9D63 /* Frameworks */,
				68726F4721DA2D7B00BA9D63 /* Resources */,
			);
			buildRules = (
			);
			dependencies = (
			);
			name = salestaxcalc;
			productName = salestaxcalc;
			productReference = 68726F4921DA2D7B00BA9D63 /* salestaxcalc.app */;
			productType = "com.apple.product-type.application";
		};
		68726F5A21DA2D7B00BA9D63 /* salestaxcalcTests */ = {
			isa = PBXNativeTarget;
			buildConfigurationList = 68726F7221DA2D7B00BA9D63 /* Build configuration list for PBXNativeTarget "salestaxcalcTests" */;
			buildPhases = (
				68726F5721DA2D7B00BA9D63 /* Sources */,
				68726F5821DA2D7B00BA9D63 /* Frameworks */,
				68726F5921DA2D7B00BA9D63 /* Resources */,
			);
			buildRules = (
			);
			dependencies = (
				68726F5D21DA2D7B00BA9D63 /* PBXTargetDependency */,
			);
			name = salestaxcalcTests;
			productName = salestaxcalcTests;
			productReference = 68726F5B21DA2D7B00BA9D63 /* salestaxcalcTests.xctest */;
			productType = "com.apple.product-type.bundle.unit-test";
		};
		68726F6521DA2D7B00BA9D63 /* salestaxcalcUITests */ = {
			isa = PBXNativeTarget;
			buildConfigurationList = 68726F7521DA2D7B00BA9D63 /* Build configuration list for PBXNativeTarget "salestaxcalcUITests" */;
			buildPhases = (
				68726F6221DA2D7B00BA9D63 /* Sources */,
				68726F6321DA2D7B00BA9D63 /* Frameworks */,
				68726F6421DA2D7B00BA9D63 /* Resources */,
			);
			buildRules = (
			);
			dependencies = (
				68726F6821DA2D7B00BA9D63 /* PBXTargetDependency */,
			);
			name = salestaxcalcUITests;
			productName = salestaxcalcUITests;
			productReference = 68726F6621DA2D7B00BA9D63 /* salestaxcalcUITests.xctest */;
			productType = "com.apple.product-type.bundle.ui-testing";
		};
/* End PBXNativeTarget section */

/* Begin PBXProject section */
		68726F4121DA2D7B00BA9D63 /* Project object */ = {
			isa = PBXProject;
			attributes = {
				LastSwiftUpdateCheck = 0920;
				LastUpgradeCheck = 0920;
				ORGANIZATIONNAME = "Yu, Yuan (forresty)";
				TargetAttributes = {
					68726F4821DA2D7B00BA9D63 = {
						CreatedOnToolsVersion = 9.2;
						ProvisioningStyle = Automatic;
					};
					68726F5A21DA2D7B00BA9D63 = {
						CreatedOnToolsVersion = 9.2;
						ProvisioningStyle = Automatic;
						TestTargetID = 68726F4821DA2D7B00BA9D63;
					};
					68726F6521DA2D7B00BA9D63 = {
						CreatedOnToolsVersion = 9.2;
						ProvisioningStyle = Automatic;
						TestTargetID = 68726F4821DA2D7B00BA9D63;
					};
				};
			};
			buildConfigurationList = 68726F4421DA2D7B00BA9D63 /* Build configuration list for PBXProject "salestaxcalc" */;
			compatibilityVersion = "Xcode 8.0";
			developmentRegion = en;
			hasScannedForEncodings = 0;
			knownRegions = (
				en,
				Base,
			);
			mainGroup = 68726F4021DA2D7B00BA9D63;
			productRefGroup = 68726F4A21DA2D7B00BA9D63 /* Products */;
			projectDirPath = "";
			projectRoot = "";
			targets = (
				68726F4821DA2D7B00BA9D63 /* salestaxcalc */,
				68726F5A21DA2D7B00BA9D63 /* salestaxcalcTests */,
				68726F6521DA2D7B00BA9D63 /* salestaxcalcUITests */,
			);
		};
/* End PBXProject section */

/* Begin PBXResourcesBuildPhase section */
		68726F4721DA2D7B00BA9D63 /* Resources */ = {
			isa = PBXResourcesBuildPhase;
			buildActionMask = 2147483647;
			files = (
				68726F5121DA2D7B00BA9D63 /* Assets.xcassets in Resources */,
				68726F5421DA2D7B00BA9D63 /* Main.storyboard in Resources */,
			);
			runOnlyForDeploymentPostprocessing = 0;
		};
		68726F5921DA2D7B00BA9D63 /* Resources */ = {
			isa = PBXResourcesBuildPhase;
			buildActionMask = 2147483647;
			files = (
			);
			runOnlyForDeploymentPostprocessing = 0;
		};
		68726F6421DA2D7B00BA9D63 /* Resources */ = {
			isa = PBXResourcesBuildPhase;
			buildActionMask = 2147483647;
			files = (
			);
			runOnlyForDeploymentPostprocessing = 0;
		};
/* End PBXResourcesBuildPhase section */

/* Begin PBXSourcesBuildPhase section */
		68726F4521DA2D7B00BA9D63 /* Sources */ = {
			isa = PBXSourcesBuildPhase;
			buildActionMask = 2147483647;
			files = (
				68726F4F21DA2D7B00BA9D63 /* ViewController.swift in Sources */,
				68726F4D21DA2D7B00BA9D63 /* AppDelegate.swift in Sources */,
			);
			runOnlyForDeploymentPostprocessing = 0;
		};
		68726F5721DA2D7B00BA9D63 /* Sources */ = {
			isa = PBXSourcesBuildPhase;
			buildActionMask = 2147483647;
			files = (
				68726F6021DA2D7B00BA9D63 /* salestaxcalcTests.swift in Sources */,
			);
			runOnlyForDeploymentPostprocessing = 0;
		};
		68726F6221DA2D7B00BA9D63 /* Sources */ = {
			isa = PBXSourcesBuildPhase;
			buildActionMask = 2147483647;
			files = (
				68726F6B21DA2D7B00BA9D63 /* salestaxcalcUITests.swift in Sources */,
			);
			runOnlyForDeploymentPostprocessing = 0;
		};
/* End PBXSourcesBuildPhase section */

/* Begin PBXTargetDependency section */
		68726F5D21DA2D7B00BA9D63 /* PBXTargetDependency */ = {
			isa = PBXTargetDependency;
			target = 68726F4821DA2D7B00BA9D63 /* salestaxcalc */;
			targetProxy = 68726F5C21DA2D7B00BA9D63 /* PBXContainerItemProxy */;
		};
		68726F6821DA2D7B00BA9D63 /* PBXTargetDependency */ = {
			isa = PBXTargetDependency;
			target = 68726F4821DA2D7B00BA9D63 /* salestaxcalc */;
			targetProxy = 68726F6721DA2D7B00BA9D63 /* PBXContainerItemProxy */;
		};
/* End PBXTargetDependency section */

/* Begin PBXVariantGroup section */
		68726F5221DA2D7B00BA9D63 /* Main.storyboard */ = {
			isa = PBXVariantGroup;
			children = (
				68726F5321DA2D7B00BA9D63 /* Base */,
			);
			name = Main.storyboard;
			sourceTree = "<group>";
		};
/* End PBXVariantGroup section */

/* Begin XCBuildConfiguration section */
		68726F6D21DA2D7B00BA9D63 /* Debug */ = {
			isa = XCBuildConfiguration;
			buildSettings = {
				ALWAYS_SEARCH_USER_PATHS = NO;
				CLANG_ANALYZER_NONNULL = YES;
				CLANG_ANALYZER_NUMBER_OBJECT_CONVERSION = YES_AGGRESSIVE;
				CLANG_CXX_LANGUAGE_STANDARD = "gnu++14";
				CLANG_CXX_LIBRARY = "libc++";
				CLANG_ENABLE_MODULES = YES;
				CLANG_ENABLE_OBJC_ARC = YES;
				CLANG_WARN_BLOCK_CAPTURE_AUTORELEASING = YES;
				CLANG_WARN_BOOL_CONVERSION = YES;
				CLANG_WARN_COMMA = YES;
				CLANG_WARN_CONSTANT_CONVERSION = YES;
				CLANG_WARN_DIRECT_OBJC_ISA_USAGE = YES_ERROR;
				CLANG_WARN_DOCUMENTATION_COMMENTS = YES;
				CLANG_WARN_EMPTY_BODY = YES;
				CLANG_WARN_ENUM_CONVERSION = YES;
				CLANG_WARN_INFINITE_RECURSION = YES;
				CLANG_WARN_INT_CONVERSION = YES;
				CLANG_WARN_NON_LITERAL_NULL_CONVERSION = YES;
				CLANG_WARN_OBJC_LITERAL_CONVERSION = YES;
				CLANG_WARN_OBJC_ROOT_CLASS = YES_ERROR;
				CLANG_WARN_RANGE_LOOP_ANALYSIS = YES;
				CLANG_WARN_STRICT_PROTOTYPES = YES;
				CLANG_WARN_SUSPICIOUS_MOVE = YES;
				CLANG_WARN_UNGUARDED_AVAILABILITY = YES_AGGRESSIVE;
				CLANG_WARN_UNREACHABLE_CODE = YES;
				CLANG_WARN__DUPLICATE_METHOD_MATCH = YES;
				CODE_SIGN_IDENTITY = "Mac Developer";
				COPY_PHASE_STRIP = NO;
				DEBUG_INFORMATION_FORMAT = dwarf;
				ENABLE_STRICT_OBJC_MSGSEND = YES;
				ENABLE_TESTABILITY = YES;
				GCC_C_LANGUAGE_STANDARD = gnu11;
				GCC_DYNAMIC_NO_PIC = NO;
				GCC_NO_COMMON_BLOCKS = YES;
				GCC_OPTIMIZATION_LEVEL = 0;
				GCC_PREPROCESSOR_DEFINITIONS = (
					"DEBUG=1",
					"$(inherited)",
				);
				GCC_WARN_64_TO_32_BIT_CONVERSION = YES;
				GCC_WARN_ABOUT_RETURN_TYPE = YES_ERROR;
				GCC_WARN_UNDECLARED_SELECTOR = YES;
				GCC_WARN_UNINITIALIZED_AUTOS = YES_AGGRESSIVE;
				GCC_WARN_UNUSED_FUNCTION = YES;
				GCC_WARN_UNUSED_VARIABLE = YES;
				MACOSX_DEPLOYMENT_TARGET = 10.12;
				MTL_ENABLE_DEBUG_INFO = YES;
				ONLY_ACTIVE_ARCH = YES;
				SDKROOT = macosx;
				SWIFT_ACTIVE_COMPILATION_CONDITIONS = DEBUG;
				SWIFT_OPTIMIZATION_LEVEL = "-Onone";
			};
			name = Debug;
		};
		68726F6E21DA2D7B00BA9D63 /* Release */ = {
			isa = XCBuildConfiguration;
			buildSettings = {
				ALWAYS_SEARCH_USER_PATHS = NO;
				CLANG_ANALYZER_NONNULL = YES;
				CLANG_ANALYZER_NUMBER_OBJECT_CONVERSION = YES_AGGRESSIVE;
				CLANG_CXX_LANGUAGE_STANDARD = "gnu++14";
				CLANG_CXX_LIBRARY = "libc++";
				CLANG_ENABLE_MODULES = YES;
				CLANG_ENABLE_OBJC_ARC = YES;
				CLANG_WARN_BLOCK_CAPTURE_AUTORELEASING = YES;
				CLANG_WARN_BOOL_CONVERSION = YES;
				CLANG_WARN_COMMA = YES;
				CLANG_WARN_CONSTANT_CONVERSION = YES;
				CLANG_WARN_DIRECT_OBJC_ISA_USAGE = YES_ERROR;
				CLANG_WARN_DOCUMENTATION_COMMENTS = YES;
				CLANG_WARN_EMPTY_BODY = YES;
				CLANG_WARN_ENUM_CONVERSION = YES;
				CLANG_WARN_INFINITE_RECURSION = YES;
				CLANG_WARN_INT_CONVERSION = YES;
				CLANG_WARN_NON_LITERAL_NULL_CONVERSION = YES;
				CLANG_WARN_OBJC_LITERAL_CONVERSION = YES;
				CLANG_WARN_OBJC_ROOT_CLASS = YES_ERROR;
				CLANG_WARN_RANGE_LOOP_ANALYSIS = YES;
				CLANG_WARN_STRICT_PROTOTYPES = YES;
				CLANG_WARN_SUSPICIOUS_MOVE = YES;
				CLANG_WARN_UNGUARDED_AVAILABILITY = YES_AGGRESSIVE;
				CLANG_WARN_UNREACHABLE_CODE = YES;
				CLANG_WARN__DUPLICATE_METHOD_MATCH = YES;
				CODE_SIGN_IDENTITY = "Mac Developer";
				COPY_PHASE_STRIP = NO;
				DEBUG_INFORMATION_FORMAT = "dwarf-with-dsym";
				ENABLE_NS_ASSERTIONS = NO;
				ENABLE_STRICT_OBJC_MSGSEND = YES;
				GCC_C_LANGUAGE_STANDARD = gnu11;
				GCC_NO_COMMON_BLOCKS = YES;
				GCC_WARN_64_TO_32_BIT_CONVERSION = YES;
				GCC_WARN_ABOUT_RETURN_TYPE = YES_ERROR;
				GCC_WARN_UNDECLARED_SELECTOR = YES;
				GCC_WARN_UNINITIALIZED_AUTOS = YES_AGGRESSIVE;
				GCC_WARN_UNUSED_FUNCTION = YES;
				GCC_WARN_UNUSED_VARIABLE = YES;
				MACOSX_DEPLOYMENT_TARGET = 10.12;
				MTL_ENABLE_DEBUG_INFO = NO;
				SDKROOT = macosx;
				SWIFT_OPTIMIZATION_LEVEL = "-Owholemodule";
			};
			name = Release;
		};
		68726F7021DA2D7B00BA9D63 /* Debug */ = {
			isa = XCBuildConfiguration;
			buildSettings = {
				ASSETCATALOG_COMPILER_APPICON_NAME = AppIcon;
				CODE_SIGN_ENTITLEMENTS = salestaxcalc/salestaxcalc.entitlements;
				CODE_SIGN_STYLE = Automatic;
				COMBINE_HIDPI_IMAGES = YES;
				DEVELOPMENT_TEAM = L5XQWBA848;
				INFOPLIST_FILE = salestaxcalc/Info.plist;
				LD_RUNPATH_SEARCH_PATHS = "$(inherited) @executable_path/../Frameworks";
				PRODUCT_BUNDLE_IDENTIFIER = org.yuyuan.salestaxcalc;
				PRODUCT_NAME = "$(TARGET_NAME)";
				SWIFT_VERSION = 4.0;
			};
			name = Debug;
		};
		68726F7121DA2D7B00BA9D63 /* Release */ = {
			isa = XCBuildConfiguration;
			buildSettings = {
				ASSETCATALOG_COMPILER_APPICON_NAME = AppIcon;
				CODE_SIGN_ENTITLEMENTS = salestaxcalc/salestaxcalc.entitlements;
				CODE_SIGN_STYLE = Automatic;
				COMBINE_HIDPI_IMAGES = YES;
				DEVELOPMENT_TEAM = L5XQWBA848;
				INFOPLIST_FILE = salestaxcalc/Info.plist;
				LD_RUNPATH_SEARCH_PATHS = "$(inherited) @executable_path/../Frameworks";
				PRODUCT_BUNDLE_IDENTIFIER = org.yuyuan.salestaxcalc;
				PRODUCT_NAME = "$(TARGET_NAME)";
				SWIFT_VERSION = 4.0;
			};
			name = Release;
		};
		68726F7321DA2D7B00BA9D63 /* Debug */ = {
			isa = XCBuildConfiguration;
			buildSettings = {
				ALWAYS_EMBED_SWIFT_STANDARD_LIBRARIES = YES;
				BUNDLE_LOADER = "$(TEST_HOST)";
				CODE_SIGN_STYLE = Automatic;
				COMBINE_HIDPI_IMAGES = YES;
				DEVELOPMENT_TEAM = L5XQWBA848;
				INFOPLIST_FILE = salestaxcalcTests/Info.plist;
				LD_RUNPATH_SEARCH_PATHS = "$(inherited) @executable_path/../Frameworks @loader_path/../Frameworks";
				PRODUCT_BUNDLE_IDENTIFIER = org.yuyuan.salestaxcalcTests;
				PRODUCT_NAME = "$(TARGET_NAME)";
				SWIFT_VERSION = 4.0;
				TEST_HOST = "$(BUILT_PRODUCTS_DIR)/salestaxcalc.app/Contents/MacOS/salestaxcalc";
			};
			name = Debug;
		};
		68726F7421DA2D7B00BA9D63 /* Release */ = {
			isa = XCBuildConfiguration;
			buildSettings = {
				ALWAYS_EMBED_SWIFT_STANDARD_LIBRARIES = YES;
				BUNDLE_LOADER = "$(TEST_HOST)";
				CODE_SIGN_STYLE = Automatic;
				COMBINE_HIDPI_IMAGES = YES;
				DEVELOPMENT_TEAM = L5XQWBA848;
				INFOPLIST_FILE = salestaxcalcTests/Info.plist;
				LD_RUNPATH_SEARCH_PATHS = "$(inherited) @executable_path/../Frameworks @loader_path/../Frameworks";
				PRODUCT_BUNDLE_IDENTIFIER = org.yuyuan.salestaxcalcTests;
				PRODUCT_NAME = "$(TARGET_NAME)";
				SWIFT_VERSION = 4.0;
				TEST_HOST = "$(BUILT_PRODUCTS_DIR)/salestaxcalc.app/Contents/MacOS/salestaxcalc";
			};
			name = Release;
		};
		68726F7621DA2D7B00BA9D63 /* Debug */ = {
			isa = XCBuildConfiguration;
			buildSettings = {
				ALWAYS_EMBED_SWIFT_STANDARD_LIBRARIES = YES;
				CODE_SIGN_STYLE = Automatic;
				COMBINE_HIDPI_IMAGES = YES;
				DEVELOPMENT_TEAM = L5XQWBA848;
				INFOPLIST_FILE = salestaxcalcUITests/Info.plist;
				LD_RUNPATH_SEARCH_PATHS = "$(inherited) @executable_path/../Frameworks @loader_path/../Frameworks";
				PRODUCT_BUNDLE_IDENTIFIER = org.yuyuan.salestaxcalcUITests;
				PRODUCT_NAME = "$(TARGET_NAME)";
				SWIFT_VERSION = 4.0;
				TEST_TARGET_NAME = salestaxcalc;
			};
			name = Debug;
		};
		68726F7721DA2D7B00BA9D63 /* Release */ = {
			isa = XCBuildConfiguration;
			buildSettings = {
				ALWAYS_EMBED_SWIFT_STANDARD_LIBRARIES = YES;
				CODE_SIGN_STYLE = Automatic;
				COMBINE_HIDPI_IMAGES = YES;
				DEVELOPMENT_TEAM = L5XQWBA848;
				INFOPLIST_FILE = salestaxcalcUITests/Info.plist;
				LD_RUNPATH_SEARCH_PATHS = "$(inherited) @executable_path/../Frameworks @loader_path/../Frameworks";
				PRODUCT_BUNDLE_IDENTIFIER = org.yuyuan.salestaxcalcUITests;
				PRODUCT_NAME = "$(TARGET_NAME)";
				SWIFT_VERSION = 4.0;
				TEST_TARGET_NAME = salestaxcalc;
			};
			name = Release;
		};
/* End XCBuildConfiguration section */

/* Begin XCConfigurationList section */
		68726F4421DA2D7B00BA9D63 /* Build configuration list for PBXProject "salestaxcalc" */ = {
			isa = XCConfigurationList;
			buildConfigurations = (
				68726F6D21DA2D7B00BA9D63 /* Debug */,
				68726F6E21DA2D7B00BA9D63 /* Release */,
			);
			defaultConfigurationIsVisible = 0;
			defaultConfigurationName = Release;
		};
		68726F6F21DA2D7B00BA9D63 /* Build configuration list for PBXNativeTarget "salestaxcalc" */ = {
			isa = XCConfigurationList;
			buildConfigurations = (
				68726F7021DA2D7B00BA9D63 /* Debug */,
				68726F7121DA2D7B00BA9D63 /* Release */,
			);
			defaultConfigurationIsVisible = 0;
			defaultConfigurationName = Release;
		};
		68726F7221DA2D7B00BA9D63 /* Build configuration list for PBXNativeTarget "salestaxcalcTests" */ = {
			isa = XCConfigurationList;
			buildConfigurations = (
				68726F7321DA2D7B00BA9D63 /* Debug */,
				68726F7421DA2D7B00BA9D63 /* Release */,
			);
			defaultConfigurationIsVisible = 0;
			defaultConfigurationName = Release;
		};
		68726F7521DA2D7B00BA9D63 /* Build configuration list for PBXNativeTarget "salestaxcalcUITests" */ = {
			isa = XCConfigurationList;
			buildConfigurations = (
				68726F7621DA2D7B00BA9D63 /* Debug */,
				68726F7721DA2D7B00BA9D63 /* Release */,
			);
			defaultConfigurationIsVisible = 0;
			defaultConfigurationName = Release;
		};
/* End XCConfigurationList section */
	};
	rootObject = 68726F4121DA2D7B00BA9D63 /* Project object */;
}
